// !$*UTF8*$!
{
	archiveVersion = 1;
	classes = {
	};
	objectVersion = 56;
	objects = {

/* Begin PBXBuildFile section */
		86099E9729BAF3C700F6DB5C /* SongSheetView.swift in Sources */ = {isa = PBXBuildFile; fileRef = 86099E9629BAF3C700F6DB5C /* SongSheetView.swift */; };
		8637D8382991EBD90005103D /* GoogleService-Info.plist in Resources */ = {isa = PBXBuildFile; fileRef = 8637D8372991EBD90005103D /* GoogleService-Info.plist */; };
		8637D83B2991EC8B0005103D /* FirebaseDatabase in Frameworks */ = {isa = PBXBuildFile; productRef = 8637D83A2991EC8B0005103D /* FirebaseDatabase */; };
		8637D83D2991EC8B0005103D /* FirebaseDatabaseSwift in Frameworks */ = {isa = PBXBuildFile; productRef = 8637D83C2991EC8B0005103D /* FirebaseDatabaseSwift */; };
		8637D83F2991EC8B0005103D /* FirebaseFirestore in Frameworks */ = {isa = PBXBuildFile; productRef = 8637D83E2991EC8B0005103D /* FirebaseFirestore */; };
		8637D8412991EC8B0005103D /* FirebaseFirestoreSwift in Frameworks */ = {isa = PBXBuildFile; productRef = 8637D8402991EC8B0005103D /* FirebaseFirestoreSwift */; };
		8637D8432991EC8B0005103D /* FirebaseFunctions in Frameworks */ = {isa = PBXBuildFile; productRef = 8637D8422991EC8B0005103D /* FirebaseFunctions */; };
		8637D8452991EC8B0005103D /* FirebaseStorage in Frameworks */ = {isa = PBXBuildFile; productRef = 8637D8442991EC8B0005103D /* FirebaseStorage */; };
		8637D8472991EC8B0005103D /* FirebaseStorageCombine-Community in Frameworks */ = {isa = PBXBuildFile; productRef = 8637D8462991EC8B0005103D /* FirebaseStorageCombine-Community */; };
		8637D8582995E2540005103D /* mySong.swift in Sources */ = {isa = PBXBuildFile; fileRef = 8637D8572995E2540005103D /* mySong.swift */; };
		8637D85A2995F4D90005103D /* ViewModel.swift in Sources */ = {isa = PBXBuildFile; fileRef = 8637D8592995F4D90005103D /* ViewModel.swift */; };
		8637D85C2995F8660005103D /* Item.swift in Sources */ = {isa = PBXBuildFile; fileRef = 8637D85B2995F8660005103D /* Item.swift */; };
		8663913329BAA6A5005A76CA /* SongTabView.swift in Sources */ = {isa = PBXBuildFile; fileRef = 8663913229BAA6A5005A76CA /* SongTabView.swift */; };
		869BAD37298B1B500073D11A /* Music_BlenderApp.swift in Sources */ = {isa = PBXBuildFile; fileRef = 869BAD36298B1B500073D11A /* Music_BlenderApp.swift */; };
		869BAD39298B1B500073D11A /* ContentView.swift in Sources */ = {isa = PBXBuildFile; fileRef = 869BAD38298B1B500073D11A /* ContentView.swift */; };
		869BAD3B298B1B510073D11A /* Assets.xcassets in Resources */ = {isa = PBXBuildFile; fileRef = 869BAD3A298B1B510073D11A /* Assets.xcassets */; };
		869BAD3E298B1B510073D11A /* Preview Assets.xcassets in Resources */ = {isa = PBXBuildFile; fileRef = 869BAD3D298B1B510073D11A /* Preview Assets.xcassets */; };
		86D6428629A18DE300029FF2 /* LocationUser.swift in Sources */ = {isa = PBXBuildFile; fileRef = 86D6428529A18DE300029FF2 /* LocationUser.swift */; };
/* End PBXBuildFile section */

/* Begin PBXFileReference section */
		86099E9629BAF3C700F6DB5C /* SongSheetView.swift */ = {isa = PBXFileReference; lastKnownFileType = sourcecode.swift; path = SongSheetView.swift; sourceTree = "<group>"; };
		8637D8372991EBD90005103D /* GoogleService-Info.plist */ = {isa = PBXFileReference; fileEncoding = 4; lastKnownFileType = text.plist.xml; path = "GoogleService-Info.plist"; sourceTree = "<group>"; };
		8637D8572995E2540005103D /* mySong.swift */ = {isa = PBXFileReference; lastKnownFileType = sourcecode.swift; path = mySong.swift; sourceTree = "<group>"; };
		8637D8592995F4D90005103D /* ViewModel.swift */ = {isa = PBXFileReference; lastKnownFileType = sourcecode.swift; path = ViewModel.swift; sourceTree = "<group>"; };
		8637D85B2995F8660005103D /* Item.swift */ = {isa = PBXFileReference; lastKnownFileType = sourcecode.swift; path = Item.swift; sourceTree = "<group>"; };
		8660EF0E299ECF5D008418BD /* Music-Blender-Info.plist */ = {isa = PBXFileReference; lastKnownFileType = text.plist; path = "Music-Blender-Info.plist"; sourceTree = SOURCE_ROOT; };
		8663913229BAA6A5005A76CA /* SongTabView.swift */ = {isa = PBXFileReference; lastKnownFileType = sourcecode.swift; path = SongTabView.swift; sourceTree = "<group>"; };
		869BAD33298B1B500073D11A /* Music Blender.app */ = {isa = PBXFileReference; explicitFileType = wrapper.application; includeInIndex = 0; path = "Music Blender.app"; sourceTree = BUILT_PRODUCTS_DIR; };
		869BAD36298B1B500073D11A /* Music_BlenderApp.swift */ = {isa = PBXFileReference; lastKnownFileType = sourcecode.swift; path = Music_BlenderApp.swift; sourceTree = "<group>"; };
		869BAD38298B1B500073D11A /* ContentView.swift */ = {isa = PBXFileReference; lastKnownFileType = sourcecode.swift; path = ContentView.swift; sourceTree = "<group>"; };
		869BAD3A298B1B510073D11A /* Assets.xcassets */ = {isa = PBXFileReference; lastKnownFileType = folder.assetcatalog; path = Assets.xcassets; sourceTree = "<group>"; };
		869BAD3D298B1B510073D11A /* Preview Assets.xcassets */ = {isa = PBXFileReference; lastKnownFileType = folder.assetcatalog; path = "Preview Assets.xcassets"; sourceTree = "<group>"; };
		86D6428529A18DE300029FF2 /* LocationUser.swift */ = {isa = PBXFileReference; lastKnownFileType = sourcecode.swift; path = LocationUser.swift; sourceTree = "<group>"; };
/* End PBXFileReference section */

/* Begin PBXFrameworksBuildPhase section */
		869BAD30298B1B500073D11A /* Frameworks */ = {
			isa = PBXFrameworksBuildPhase;
			buildActionMask = 2147483647;
			files = (
				8637D83D2991EC8B0005103D /* FirebaseDatabaseSwift in Frameworks */,
				8637D8472991EC8B0005103D /* FirebaseStorageCombine-Community in Frameworks */,
				8637D83B2991EC8B0005103D /* FirebaseDatabase in Frameworks */,
				8637D8432991EC8B0005103D /* FirebaseFunctions in Frameworks */,
				8637D83F2991EC8B0005103D /* FirebaseFirestore in Frameworks */,
				8637D8412991EC8B0005103D /* FirebaseFirestoreSwift in Frameworks */,
				8637D8452991EC8B0005103D /* FirebaseStorage in Frameworks */,
			);
			runOnlyForDeploymentPostprocessing = 0;
		};
/* End PBXFrameworksBuildPhase section */

/* Begin PBXGroup section */
		8637D8542995E1B20005103D /* Views */ = {
			isa = PBXGroup;
			children = (
				869BAD38298B1B500073D11A /* ContentView.swift */,
				8663913229BAA6A5005A76CA /* SongTabView.swift */,
				86099E9629BAF3C700F6DB5C /* SongSheetView.swift */,
			);
			path = Views;
			sourceTree = "<group>";
		};
		8637D8552995E1BA0005103D /* ViewModels */ = {
			isa = PBXGroup;
			children = (
				8637D8592995F4D90005103D /* ViewModel.swift */,
			);
			path = ViewModels;
			sourceTree = "<group>";
		};
		8637D8562995E1C20005103D /* Models */ = {
			isa = PBXGroup;
			children = (
				8637D8572995E2540005103D /* mySong.swift */,
				8637D85B2995F8660005103D /* Item.swift */,
			);
			path = Models;
			sourceTree = "<group>";
		};
		869BAD2A298B1B4F0073D11A = {
			isa = PBXGroup;
			children = (
				869BAD35298B1B500073D11A /* Music Blender */,
				869BAD34298B1B500073D11A /* Products */,
			);
			sourceTree = "<group>";
		};
		869BAD34298B1B500073D11A /* Products */ = {
			isa = PBXGroup;
			children = (
				869BAD33298B1B500073D11A /* Music Blender.app */,
			);
			name = Products;
			sourceTree = "<group>";
		};
		869BAD35298B1B500073D11A /* Music Blender */ = {
			isa = PBXGroup;
			children = (
				8660EF0E299ECF5D008418BD /* Music-Blender-Info.plist */,
				869BAD36298B1B500073D11A /* Music_BlenderApp.swift */,
				8637D8542995E1B20005103D /* Views */,
				8637D8552995E1BA0005103D /* ViewModels */,
				8637D8562995E1C20005103D /* Models */,
				86D6428429A18DBF00029FF2 /* Tools */,
				869BAD3A298B1B510073D11A /* Assets.xcassets */,
				8637D8372991EBD90005103D /* GoogleService-Info.plist */,
				869BAD3C298B1B510073D11A /* Preview Content */,
			);
			path = "Music Blender";
			sourceTree = "<group>";
		};
		869BAD3C298B1B510073D11A /* Preview Content */ = {
			isa = PBXGroup;
			children = (
				869BAD3D298B1B510073D11A /* Preview Assets.xcassets */,
			);
			path = "Preview Content";
			sourceTree = "<group>";
		};
		86D6428429A18DBF00029FF2 /* Tools */ = {
			isa = PBXGroup;
			children = (
				86D6428529A18DE300029FF2 /* LocationUser.swift */,
			);
			path = Tools;
			sourceTree = "<group>";
		};
/* End PBXGroup section */

/* Begin PBXNativeTarget section */
		869BAD32298B1B500073D11A /* Music Blender */ = {
			isa = PBXNativeTarget;
			buildConfigurationList = 869BAD41298B1B510073D11A /* Build configuration list for PBXNativeTarget "Music Blender" */;
			buildPhases = (
				869BAD2F298B1B500073D11A /* Sources */,
				869BAD30298B1B500073D11A /* Frameworks */,
				869BAD31298B1B500073D11A /* Resources */,
			);
			buildRules = (
			);
			dependencies = (
			);
			name = "Music Blender";
			packageProductDependencies = (
				8637D83A2991EC8B0005103D /* FirebaseDatabase */,
				8637D83C2991EC8B0005103D /* FirebaseDatabaseSwift */,
				8637D83E2991EC8B0005103D /* FirebaseFirestore */,
				8637D8402991EC8B0005103D /* FirebaseFirestoreSwift */,
				8637D8422991EC8B0005103D /* FirebaseFunctions */,
				8637D8442991EC8B0005103D /* FirebaseStorage */,
				8637D8462991EC8B0005103D /* FirebaseStorageCombine-Community */,
			);
			productName = "Music Blender";
			productReference = 869BAD33298B1B500073D11A /* Music Blender.app */;
			productType = "com.apple.product-type.application";
		};
/* End PBXNativeTarget section */

/* Begin PBXProject section */
		869BAD2B298B1B4F0073D11A /* Project object */ = {
			isa = PBXProject;
			attributes = {
				BuildIndependentTargetsInParallel = 1;
				LastSwiftUpdateCheck = 1400;
				LastUpgradeCheck = 1400;
				TargetAttributes = {
					869BAD32298B1B500073D11A = {
						CreatedOnToolsVersion = 14.0.1;
					};
				};
			};
			buildConfigurationList = 869BAD2E298B1B4F0073D11A /* Build configuration list for PBXProject "Music Blender" */;
			compatibilityVersion = "Xcode 14.0";
			developmentRegion = en;
			hasScannedForEncodings = 0;
			knownRegions = (
				en,
				Base,
			);
			mainGroup = 869BAD2A298B1B4F0073D11A;
			packageReferences = (
				8637D8392991EC8B0005103D /* XCRemoteSwiftPackageReference "firebase-ios-sdk" */,
			);
			productRefGroup = 869BAD34298B1B500073D11A /* Products */;
			projectDirPath = "";
			projectRoot = "";
			targets = (
				869BAD32298B1B500073D11A /* Music Blender */,
			);
		};
/* End PBXProject section */

/* Begin PBXResourcesBuildPhase section */
		869BAD31298B1B500073D11A /* Resources */ = {
			isa = PBXResourcesBuildPhase;
			buildActionMask = 2147483647;
			files = (
				8637D8382991EBD90005103D /* GoogleService-Info.plist in Resources */,
				869BAD3E298B1B510073D11A /* Preview Assets.xcassets in Resources */,
				869BAD3B298B1B510073D11A /* Assets.xcassets in Resources */,
			);
			runOnlyForDeploymentPostprocessing = 0;
		};
/* End PBXResourcesBuildPhase section */

/* Begin PBXSourcesBuildPhase section */
		869BAD2F298B1B500073D11A /* Sources */ = {
			isa = PBXSourcesBuildPhase;
			buildActionMask = 2147483647;
			files = (
				86D6428629A18DE300029FF2 /* LocationUser.swift in Sources */,
				86099E9729BAF3C700F6DB5C /* SongSheetView.swift in Sources */,
				8637D85C2995F8660005103D /* Item.swift in Sources */,
				869BAD39298B1B500073D11A /* ContentView.swift in Sources */,
				8637D8582995E2540005103D /* mySong.swift in Sources */,
				8663913329BAA6A5005A76CA /* SongTabView.swift in Sources */,
				8637D85A2995F4D90005103D /* ViewModel.swift in Sources */,
				869BAD37298B1B500073D11A /* Music_BlenderApp.swift in Sources */,
			);
			runOnlyForDeploymentPostprocessing = 0;
		};
/* End PBXSourcesBuildPhase section */

/* Begin XCBuildConfiguration section */
		869BAD3F298B1B510073D11A /* Debug */ = {
			isa = XCBuildConfiguration;
			buildSettings = {
				ALWAYS_SEARCH_USER_PATHS = NO;
				CLANG_ANALYZER_NONNULL = YES;
				CLANG_ANALYZER_NUMBER_OBJECT_CONVERSION = YES_AGGRESSIVE;
				CLANG_CXX_LANGUAGE_STANDARD = "gnu++20";
				CLANG_ENABLE_MODULES = YES;
				CLANG_ENABLE_OBJC_ARC = YES;
				CLANG_ENABLE_OBJC_WEAK = YES;
				CLANG_WARN_BLOCK_CAPTURE_AUTORELEASING = YES;
				CLANG_WARN_BOOL_CONVERSION = YES;
				CLANG_WARN_COMMA = YES;
				CLANG_WARN_CONSTANT_CONVERSION = YES;
				CLANG_WARN_DEPRECATED_OBJC_IMPLEMENTATIONS = YES;
				CLANG_WARN_DIRECT_OBJC_ISA_USAGE = YES_ERROR;
				CLANG_WARN_DOCUMENTATION_COMMENTS = YES;
				CLANG_WARN_EMPTY_BODY = YES;
				CLANG_WARN_ENUM_CONVERSION = YES;
				CLANG_WARN_INFINITE_RECURSION = YES;
				CLANG_WARN_INT_CONVERSION = YES;
				CLANG_WARN_NON_LITERAL_NULL_CONVERSION = YES;
				CLANG_WARN_OBJC_IMPLICIT_RETAIN_SELF = YES;
				CLANG_WARN_OBJC_LITERAL_CONVERSION = YES;
				CLANG_WARN_OBJC_ROOT_CLASS = YES_ERROR;
				CLANG_WARN_QUOTED_INCLUDE_IN_FRAMEWORK_HEADER = YES;
				CLANG_WARN_RANGE_LOOP_ANALYSIS = YES;
				CLANG_WARN_STRICT_PROTOTYPES = YES;
				CLANG_WARN_SUSPICIOUS_MOVE = YES;
				CLANG_WARN_UNGUARDED_AVAILABILITY = YES_AGGRESSIVE;
				CLANG_WARN_UNREACHABLE_CODE = YES;
				CLANG_WARN__DUPLICATE_METHOD_MATCH = YES;
				COPY_PHASE_STRIP = NO;
				DEBUG_INFORMATION_FORMAT = dwarf;
				ENABLE_STRICT_OBJC_MSGSEND = YES;
				ENABLE_TESTABILITY = YES;
				GCC_C_LANGUAGE_STANDARD = gnu11;
				GCC_DYNAMIC_NO_PIC = NO;
				GCC_NO_COMMON_BLOCKS = YES;
				GCC_OPTIMIZATION_LEVEL = 0;
				GCC_PREPROCESSOR_DEFINITIONS = (
					"DEBUG=1",
					"$(inherited)",
				);
				GCC_WARN_64_TO_32_BIT_CONVERSION = YES;
				GCC_WARN_ABOUT_RETURN_TYPE = YES_ERROR;
				GCC_WARN_UNDECLARED_SELECTOR = YES;
				GCC_WARN_UNINITIALIZED_AUTOS = YES_AGGRESSIVE;
				GCC_WARN_UNUSED_FUNCTION = YES;
				GCC_WARN_UNUSED_VARIABLE = YES;
				IPHONEOS_DEPLOYMENT_TARGET = 16.0;
				MTL_ENABLE_DEBUG_INFO = INCLUDE_SOURCE;
				MTL_FAST_MATH = YES;
				ONLY_ACTIVE_ARCH = YES;
				SDKROOT = iphoneos;
				SWIFT_ACTIVE_COMPILATION_CONDITIONS = DEBUG;
				SWIFT_OPTIMIZATION_LEVEL = "-Onone";
			};
			name = Debug;
		};
		869BAD40298B1B510073D11A /* Release */ = {
			isa = XCBuildConfiguration;
			buildSettings = {
				ALWAYS_SEARCH_USER_PATHS = NO;
				CLANG_ANALYZER_NONNULL = YES;
				CLANG_ANALYZER_NUMBER_OBJECT_CONVERSION = YES_AGGRESSIVE;
				CLANG_CXX_LANGUAGE_STANDARD = "gnu++20";
				CLANG_ENABLE_MODULES = YES;
				CLANG_ENABLE_OBJC_ARC = YES;
				CLANG_ENABLE_OBJC_WEAK = YES;
				CLANG_WARN_BLOCK_CAPTURE_AUTORELEASING = YES;
				CLANG_WARN_BOOL_CONVERSION = YES;
				CLANG_WARN_COMMA = YES;
				CLANG_WARN_CONSTANT_CONVERSION = YES;
				CLANG_WARN_DEPRECATED_OBJC_IMPLEMENTATIONS = YES;
				CLANG_WARN_DIRECT_OBJC_ISA_USAGE = YES_ERROR;
				CLANG_WARN_DOCUMENTATION_COMMENTS = YES;
				CLANG_WARN_EMPTY_BODY = YES;
				CLANG_WARN_ENUM_CONVERSION = YES;
				CLANG_WARN_INFINITE_RECURSION = YES;
				CLANG_WARN_INT_CONVERSION = YES;
				CLANG_WARN_NON_LITERAL_NULL_CONVERSION = YES;
				CLANG_WARN_OBJC_IMPLICIT_RETAIN_SELF = YES;
				CLANG_WARN_OBJC_LITERAL_CONVERSION = YES;
				CLANG_WARN_OBJC_ROOT_CLASS = YES_ERROR;
				CLANG_WARN_QUOTED_INCLUDE_IN_FRAMEWORK_HEADER = YES;
				CLANG_WARN_RANGE_LOOP_ANALYSIS = YES;
				CLANG_WARN_STRICT_PROTOTYPES = YES;
				CLANG_WARN_SUSPICIOUS_MOVE = YES;
				CLANG_WARN_UNGUARDED_AVAILABILITY = YES_AGGRESSIVE;
				CLANG_WARN_UNREACHABLE_CODE = YES;
				CLANG_WARN__DUPLICATE_METHOD_MATCH = YES;
				COPY_PHASE_STRIP = NO;
				DEBUG_INFORMATION_FORMAT = "dwarf-with-dsym";
				ENABLE_NS_ASSERTIONS = NO;
				ENABLE_STRICT_OBJC_MSGSEND = YES;
				GCC_C_LANGUAGE_STANDARD = gnu11;
				GCC_NO_COMMON_BLOCKS = YES;
				GCC_WARN_64_TO_32_BIT_CONVERSION = YES;
				GCC_WARN_ABOUT_RETURN_TYPE = YES_ERROR;
				GCC_WARN_UNDECLARED_SELECTOR = YES;
				GCC_WARN_UNINITIALIZED_AUTOS = YES_AGGRESSIVE;
				GCC_WARN_UNUSED_FUNCTION = YES;
				GCC_WARN_UNUSED_VARIABLE = YES;
				IPHONEOS_DEPLOYMENT_TARGET = 16.0;
				MTL_ENABLE_DEBUG_INFO = NO;
				MTL_FAST_MATH = YES;
				SDKROOT = iphoneos;
				SWIFT_COMPILATION_MODE = wholemodule;
				SWIFT_OPTIMIZATION_LEVEL = "-O";
				VALIDATE_PRODUCT = YES;
			};
			name = Release;
		};
		869BAD42298B1B510073D11A /* Debug */ = {
			isa = XCBuildConfiguration;
			buildSettings = {
				ASSETCATALOG_COMPILER_APPICON_NAME = AppIcon;
				ASSETCATALOG_COMPILER_GLOBAL_ACCENT_COLOR_NAME = AccentColor;
				CODE_SIGN_STYLE = Automatic;
				CURRENT_PROJECT_VERSION = 1;
				DEVELOPMENT_ASSET_PATHS = "\"Music Blender/Preview Content\"";
				DEVELOPMENT_TEAM = 5VF7D79NL9;
				ENABLE_PREVIEWS = YES;
				GENERATE_INFOPLIST_FILE = YES;
				INFOPLIST_FILE = "Music-Blender-Info.plist";
				INFOPLIST_KEY_NSAppleMusicUsageDescription = "Please allow access to continue.";
				INFOPLIST_KEY_NSLocationWhenInUseUsageDescription = "Please allow to track your location";
				INFOPLIST_KEY_UIApplicationSceneManifest_Generation = YES;
				INFOPLIST_KEY_UIApplicationSupportsIndirectInputEvents = YES;
				INFOPLIST_KEY_UILaunchScreen_Generation = YES;
				INFOPLIST_KEY_UISupportedInterfaceOrientations_iPad = "UIInterfaceOrientationPortrait UIInterfaceOrientationPortraitUpsideDown UIInterfaceOrientationLandscapeLeft UIInterfaceOrientationLandscapeRight";
				INFOPLIST_KEY_UISupportedInterfaceOrientations_iPhone = "UIInterfaceOrientationPortrait UIInterfaceOrientationLandscapeLeft UIInterfaceOrientationLandscapeRight";
				LD_RUNPATH_SEARCH_PATHS = (
					"$(inherited)",
					"@executable_path/Frameworks",
				);
				MARKETING_VERSION = 1.0;
				PRODUCT_BUNDLE_IDENTIFIER = "LongTran.Music-Blender";
				PRODUCT_NAME = "$(TARGET_NAME)";
				SWIFT_EMIT_LOC_STRINGS = YES;
				SWIFT_VERSION = 5.0;
				TARGETED_DEVICE_FAMILY = "1,2";
			};
			name = Debug;
		};
		869BAD43298B1B510073D11A /* Release */ = {
			isa = XCBuildConfiguration;
			buildSettings = {
				ASSETCATALOG_COMPILER_APPICON_NAME = AppIcon;
				ASSETCATALOG_COMPILER_GLOBAL_ACCENT_COLOR_NAME = AccentColor;
				CODE_SIGN_STYLE = Automatic;
				CURRENT_PROJECT_VERSION = 1;
				DEVELOPMENT_ASSET_PATHS = "\"Music Blender/Preview Content\"";
				DEVELOPMENT_TEAM = 5VF7D79NL9;
				ENABLE_PREVIEWS = YES;
				GENERATE_INFOPLIST_FILE = YES;
				INFOPLIST_FILE = "Music-Blender-Info.plist";
				INFOPLIST_KEY_NSAppleMusicUsageDescription = "Please allow access to continue.";
				INFOPLIST_KEY_NSLocationWhenInUseUsageDescription = "Please allow to track your location";
				INFOPLIST_KEY_UIApplicationSceneManifest_Generation = YES;
				INFOPLIST_KEY_UIApplicationSupportsIndirectInputEvents = YES;
				INFOPLIST_KEY_UILaunchScreen_Generation = YES;
				INFOPLIST_KEY_UISupportedInterfaceOrientations_iPad = "UIInterfaceOrientationPortrait UIInterfaceOrientationPortraitUpsideDown UIInterfaceOrientationLandscapeLeft UIInterfaceOrientationLandscapeRight";
				INFOPLIST_KEY_UISupportedInterfaceOrientations_iPhone = "UIInterfaceOrientationPortrait UIInterfaceOrientationLandscapeLeft UIInterfaceOrientationLandscapeRight";
				LD_RUNPATH_SEARCH_PATHS = (
					"$(inherited)",
					"@executable_path/Frameworks",
				);
				MARKETING_VERSION = 1.0;
				PRODUCT_BUNDLE_IDENTIFIER = "LongTran.Music-Blender";
				PRODUCT_NAME = "$(TARGET_NAME)";
				SWIFT_EMIT_LOC_STRINGS = YES;
				SWIFT_VERSION = 5.0;
				TARGETED_DEVICE_FAMILY = "1,2";
			};
			name = Release;
		};
/* End XCBuildConfiguration section */

/* Begin XCConfigurationList section */
		869BAD2E298B1B4F0073D11A /* Build configuration list for PBXProject "Music Blender" */ = {
			isa = XCConfigurationList;
			buildConfigurations = (
				869BAD3F298B1B510073D11A /* Debug */,
				869BAD40298B1B510073D11A /* Release */,
			);
			defaultConfigurationIsVisible = 0;
			defaultConfigurationName = Release;
		};
		869BAD41298B1B510073D11A /* Build configuration list for PBXNativeTarget "Music Blender" */ = {
			isa = XCConfigurationList;
			buildConfigurations = (
				869BAD42298B1B510073D11A /* Debug */,
				869BAD43298B1B510073D11A /* Release */,
			);
			defaultConfigurationIsVisible = 0;
			defaultConfigurationName = Release;
		};
/* End XCConfigurationList section */

/* Begin XCRemoteSwiftPackageReference section */
		8637D8392991EC8B0005103D /* XCRemoteSwiftPackageReference "firebase-ios-sdk" */ = {
			isa = XCRemoteSwiftPackageReference;
			repositoryURL = "https://github.com/firebase/firebase-ios-sdk";
			requirement = {
				branch = master;
				kind = branch;
			};
		};
/* End XCRemoteSwiftPackageReference section */

/* Begin XCSwiftPackageProductDependency section */
		8637D83A2991EC8B0005103D /* FirebaseDatabase */ = {
			isa = XCSwiftPackageProductDependency;
			package = 8637D8392991EC8B0005103D /* XCRemoteSwiftPackageReference "firebase-ios-sdk" */;
			productName = FirebaseDatabase;
		};
		8637D83C2991EC8B0005103D /* FirebaseDatabaseSwift */ = {
			isa = XCSwiftPackageProductDependency;
			package = 8637D8392991EC8B0005103D /* XCRemoteSwiftPackageReference "firebase-ios-sdk" */;
			productName = FirebaseDatabaseSwift;
		};
		8637D83E2991EC8B0005103D /* FirebaseFirestore */ = {
			isa = XCSwiftPackageProductDependency;
			package = 8637D8392991EC8B0005103D /* XCRemoteSwiftPackageReference "firebase-ios-sdk" */;
			productName = FirebaseFirestore;
		};
		8637D8402991EC8B0005103D /* FirebaseFirestoreSwift */ = {
			isa = XCSwiftPackageProductDependency;
			package = 8637D8392991EC8B0005103D /* XCRemoteSwiftPackageReference "firebase-ios-sdk" */;
			productName = FirebaseFirestoreSwift;
		};
		8637D8422991EC8B0005103D /* FirebaseFunctions */ = {
			isa = XCSwiftPackageProductDependency;
			package = 8637D8392991EC8B0005103D /* XCRemoteSwiftPackageReference "firebase-ios-sdk" */;
			productName = FirebaseFunctions;
		};
		8637D8442991EC8B0005103D /* FirebaseStorage */ = {
			isa = XCSwiftPackageProductDependency;
			package = 8637D8392991EC8B0005103D /* XCRemoteSwiftPackageReference "firebase-ios-sdk" */;
			productName = FirebaseStorage;
		};
		8637D8462991EC8B0005103D /* FirebaseStorageCombine-Community */ = {
			isa = XCSwiftPackageProductDependency;
			package = 8637D8392991EC8B0005103D /* XCRemoteSwiftPackageReference "firebase-ios-sdk" */;
			productName = "FirebaseStorageCombine-Community";
		};
/* End XCSwiftPackageProductDependency section */
	};
	rootObject = 869BAD2B298B1B4F0073D11A /* Project object */;
}
